// !$*UTF8*$!
{
	archiveVersion = 1;
	classes = {
	};
	objectVersion = 56;
	objects = {

/* Begin PBXBuildFile section */
		EDA74F1E2A5422110033B224 /* DIContainer.swift in Sources */ = {isa = PBXBuildFile; fileRef = EDA74F1D2A5422110033B224 /* DIContainer.swift */; };
		EDA74F202A54230E0033B224 /* Injector.swift in Sources */ = {isa = PBXBuildFile; fileRef = EDA74F1F2A54230E0033B224 /* Injector.swift */; };
		EDA74F222A5423300033B224 /* Injectable.swift in Sources */ = {isa = PBXBuildFile; fileRef = EDA74F212A5423300033B224 /* Injectable.swift */; };
		EDA74F242A5428500033B224 /* DIContainer+Config.swift in Sources */ = {isa = PBXBuildFile; fileRef = EDA74F232A5428500033B224 /* DIContainer+Config.swift */; };
		EDB5C95129C0EF1400EC3B77 /* AppDelegate.swift in Sources */ = {isa = PBXBuildFile; fileRef = EDB5C95029C0EF1400EC3B77 /* AppDelegate.swift */; };
		EDB5C95A29C0EF1700EC3B77 /* Assets.xcassets in Resources */ = {isa = PBXBuildFile; fileRef = EDB5C95929C0EF1700EC3B77 /* Assets.xcassets */; };
		EDBBE5012A55D94100053A25 /* MovieDBCore in Frameworks */ = {isa = PBXBuildFile; productRef = EDBBE5002A55D94100053A25 /* MovieDBCore */; };
		EDBBE5032A55D94100053A25 /* MovieDBData in Frameworks */ = {isa = PBXBuildFile; productRef = EDBBE5022A55D94100053A25 /* MovieDBData */; };
		EDBBE5052A55D94100053A25 /* MovieDBUI in Frameworks */ = {isa = PBXBuildFile; productRef = EDBBE5042A55D94100053A25 /* MovieDBUI */; };
		EDBBE5062A55DA2600053A25 /* MainComposer.swift in Sources */ = {isa = PBXBuildFile; fileRef = EDA74F1A2A5421E00033B224 /* MainComposer.swift */; };
		EDF1B93D2A58662A0087A63F /* MovieDBInfra in Frameworks */ = {isa = PBXBuildFile; productRef = EDF1B93C2A58662A0087A63F /* MovieDBInfra */; };
/* End PBXBuildFile section */

/* Begin PBXFileReference section */
		EDA74F1A2A5421E00033B224 /* MainComposer.swift */ = {isa = PBXFileReference; lastKnownFileType = sourcecode.swift; path = MainComposer.swift; sourceTree = "<group>"; };
		EDA74F1D2A5422110033B224 /* DIContainer.swift */ = {isa = PBXFileReference; lastKnownFileType = sourcecode.swift; path = DIContainer.swift; sourceTree = "<group>"; };
		EDA74F1F2A54230E0033B224 /* Injector.swift */ = {isa = PBXFileReference; lastKnownFileType = sourcecode.swift; path = Injector.swift; sourceTree = "<group>"; };
		EDA74F212A5423300033B224 /* Injectable.swift */ = {isa = PBXFileReference; lastKnownFileType = sourcecode.swift; path = Injectable.swift; sourceTree = "<group>"; };
		EDA74F232A5428500033B224 /* DIContainer+Config.swift */ = {isa = PBXFileReference; lastKnownFileType = sourcecode.swift; path = "DIContainer+Config.swift"; sourceTree = "<group>"; };
		EDB5C94D29C0EF1300EC3B77 /* MovieDB.app */ = {isa = PBXFileReference; explicitFileType = wrapper.application; includeInIndex = 0; path = MovieDB.app; sourceTree = BUILT_PRODUCTS_DIR; };
		EDB5C95029C0EF1400EC3B77 /* AppDelegate.swift */ = {isa = PBXFileReference; lastKnownFileType = sourcecode.swift; path = AppDelegate.swift; sourceTree = "<group>"; };
		EDB5C95929C0EF1700EC3B77 /* Assets.xcassets */ = {isa = PBXFileReference; lastKnownFileType = folder.assetcatalog; path = Assets.xcassets; sourceTree = "<group>"; };
		EDB5C95E29C0EF1700EC3B77 /* Info.plist */ = {isa = PBXFileReference; lastKnownFileType = text.plist.xml; path = Info.plist; sourceTree = "<group>"; };
		EDBBE4FD2A55D8FA00053A25 /* MovieDBCore */ = {isa = PBXFileReference; lastKnownFileType = wrapper; name = MovieDBCore; path = Packages/MovieDBCore; sourceTree = "<group>"; };
		EDBBE4FE2A55D91600053A25 /* MovieDBData */ = {isa = PBXFileReference; lastKnownFileType = wrapper; name = MovieDBData; path = Packages/MovieDBData; sourceTree = "<group>"; };
		EDBBE4FF2A55D93000053A25 /* MovieDBUI */ = {isa = PBXFileReference; lastKnownFileType = wrapper; name = MovieDBUI; path = Packages/MovieDBUI; sourceTree = "<group>"; };
		EDF1B93B2A5865390087A63F /* MovieDBInfra */ = {isa = PBXFileReference; lastKnownFileType = wrapper; name = MovieDBInfra; path = Packages/MovieDBInfra; sourceTree = "<group>"; };
/* End PBXFileReference section */

/* Begin PBXFrameworksBuildPhase section */
		EDB5C94A29C0EF1300EC3B77 /* Frameworks */ = {
			isa = PBXFrameworksBuildPhase;
			buildActionMask = 2147483647;
			files = (
				EDBBE5052A55D94100053A25 /* MovieDBUI in Frameworks */,
				EDBBE5012A55D94100053A25 /* MovieDBCore in Frameworks */,
				EDF1B93D2A58662A0087A63F /* MovieDBInfra in Frameworks */,
				EDBBE5032A55D94100053A25 /* MovieDBData in Frameworks */,
			);
			runOnlyForDeploymentPostprocessing = 0;
		};
/* End PBXFrameworksBuildPhase section */

/* Begin PBXGroup section */
		ED02FBA02A55BF73000E84B6 /* Frameworks */ = {
			isa = PBXGroup;
			children = (
			);
			name = Frameworks;
			sourceTree = "<group>";
		};
		EDA74F192A5421CD0033B224 /* DI */ = {
			isa = PBXGroup;
			children = (
				EDF1B9352A56AEA20087A63F /* Composers */,
				EDA74F1C2A5422000033B224 /* Container */,
			);
			path = DI;
			sourceTree = "<group>";
		};
		EDA74F1C2A5422000033B224 /* Container */ = {
			isa = PBXGroup;
			children = (
				EDA74F252A542A8E0033B224 /* Configuration */,
				EDA74F1D2A5422110033B224 /* DIContainer.swift */,
				EDA74F1F2A54230E0033B224 /* Injector.swift */,
				EDA74F212A5423300033B224 /* Injectable.swift */,
			);
			path = Container;
			sourceTree = "<group>";
		};
		EDA74F252A542A8E0033B224 /* Configuration */ = {
			isa = PBXGroup;
			children = (
				EDA74F232A5428500033B224 /* DIContainer+Config.swift */,
			);
			path = Configuration;
			sourceTree = "<group>";
		};
		EDB5C94429C0EF1300EC3B77 = {
			isa = PBXGroup;
			children = (
				EDBBE4FC2A55D8FA00053A25 /* Packages */,
				EDB5C94F29C0EF1300EC3B77 /* MovieDB */,
				EDB5C94E29C0EF1300EC3B77 /* Products */,
				ED02FBA02A55BF73000E84B6 /* Frameworks */,
			);
			sourceTree = "<group>";
		};
		EDB5C94E29C0EF1300EC3B77 /* Products */ = {
			isa = PBXGroup;
			children = (
				EDB5C94D29C0EF1300EC3B77 /* MovieDB.app */,
			);
			name = Products;
			sourceTree = "<group>";
		};
		EDB5C94F29C0EF1300EC3B77 /* MovieDB */ = {
			isa = PBXGroup;
			children = (
				EDB5C95029C0EF1400EC3B77 /* AppDelegate.swift */,
				EDA74F192A5421CD0033B224 /* DI */,
				EDB5C95929C0EF1700EC3B77 /* Assets.xcassets */,
				EDB5C95E29C0EF1700EC3B77 /* Info.plist */,
			);
			path = MovieDB;
			sourceTree = "<group>";
		};
		EDBBE4FC2A55D8FA00053A25 /* Packages */ = {
			isa = PBXGroup;
			children = (
				EDBBE4FD2A55D8FA00053A25 /* MovieDBCore */,
				EDBBE4FF2A55D93000053A25 /* MovieDBUI */,
				EDBBE4FE2A55D91600053A25 /* MovieDBData */,
				EDF1B93B2A5865390087A63F /* MovieDBInfra */,
			);
			name = Packages;
			sourceTree = "<group>";
		};
		EDF1B9352A56AEA20087A63F /* Composers */ = {
			isa = PBXGroup;
			children = (
				EDA74F1A2A5421E00033B224 /* MainComposer.swift */,
			);
			path = Composers;
			sourceTree = "<group>";
		};
/* End PBXGroup section */

/* Begin PBXNativeTarget section */
		EDB5C94C29C0EF1300EC3B77 /* MovieDB */ = {
			isa = PBXNativeTarget;
			buildConfigurationList = EDB5C96129C0EF1700EC3B77 /* Build configuration list for PBXNativeTarget "MovieDB" */;
			buildPhases = (
				EDB5C94929C0EF1300EC3B77 /* Sources */,
				EDB5C94A29C0EF1300EC3B77 /* Frameworks */,
				EDB5C94B29C0EF1300EC3B77 /* Resources */,
			);
			buildRules = (
			);
			dependencies = (
			);
			name = MovieDB;
			packageProductDependencies = (
				EDBBE5002A55D94100053A25 /* MovieDBCore */,
				EDBBE5022A55D94100053A25 /* MovieDBData */,
				EDBBE5042A55D94100053A25 /* MovieDBUI */,
				EDF1B93C2A58662A0087A63F /* MovieDBInfra */,
			);
			productName = MovieDB;
			productReference = EDB5C94D29C0EF1300EC3B77 /* MovieDB.app */;
			productType = "com.apple.product-type.application";
		};
/* End PBXNativeTarget section */

/* Begin PBXProject section */
		EDB5C94529C0EF1300EC3B77 /* Project object */ = {
			isa = PBXProject;
			attributes = {
				BuildIndependentTargetsInParallel = 1;
				LastSwiftUpdateCheck = 1420;
				LastUpgradeCheck = 1420;
				TargetAttributes = {
					EDB5C94C29C0EF1300EC3B77 = {
						CreatedOnToolsVersion = 14.2;
					};
				};
			};
			buildConfigurationList = EDB5C94829C0EF1300EC3B77 /* Build configuration list for PBXProject "MovieDB" */;
			compatibilityVersion = "Xcode 14.0";
			developmentRegion = en;
			hasScannedForEncodings = 0;
			knownRegions = (
				en,
				Base,
			);
			mainGroup = EDB5C94429C0EF1300EC3B77;
			productRefGroup = EDB5C94E29C0EF1300EC3B77 /* Products */;
			projectDirPath = "";
			projectRoot = "";
			targets = (
				EDB5C94C29C0EF1300EC3B77 /* MovieDB */,
			);
		};
/* End PBXProject section */

/* Begin PBXResourcesBuildPhase section */
		EDB5C94B29C0EF1300EC3B77 /* Resources */ = {
			isa = PBXResourcesBuildPhase;
			buildActionMask = 2147483647;
			files = (
				EDB5C95A29C0EF1700EC3B77 /* Assets.xcassets in Resources */,
			);
			runOnlyForDeploymentPostprocessing = 0;
		};
/* End PBXResourcesBuildPhase section */

/* Begin PBXSourcesBuildPhase section */
		EDB5C94929C0EF1300EC3B77 /* Sources */ = {
			isa = PBXSourcesBuildPhase;
			buildActionMask = 2147483647;
			files = (
				EDB5C95129C0EF1400EC3B77 /* AppDelegate.swift in Sources */,
				EDA74F202A54230E0033B224 /* Injector.swift in Sources */,
				EDA74F242A5428500033B224 /* DIContainer+Config.swift in Sources */,
				EDA74F1E2A5422110033B224 /* DIContainer.swift in Sources */,
				EDBBE5062A55DA2600053A25 /* MainComposer.swift in Sources */,
				EDA74F222A5423300033B224 /* Injectable.swift in Sources */,
			);
			runOnlyForDeploymentPostprocessing = 0;
		};
/* End PBXSourcesBuildPhase section */

/* Begin XCBuildConfiguration section */
		EDB5C95F29C0EF1700EC3B77 /* Debug */ = {
			isa = XCBuildConfiguration;
			buildSettings = {
				ALWAYS_SEARCH_USER_PATHS = NO;
				CLANG_ANALYZER_NONNULL = YES;
				CLANG_ANALYZER_NUMBER_OBJECT_CONVERSION = YES_AGGRESSIVE;
				CLANG_CXX_LANGUAGE_STANDARD = "gnu++20";
				CLANG_ENABLE_MODULES = YES;
				CLANG_ENABLE_OBJC_ARC = YES;
				CLANG_ENABLE_OBJC_WEAK = YES;
				CLANG_WARN_BLOCK_CAPTURE_AUTORELEASING = YES;
				CLANG_WARN_BOOL_CONVERSION = YES;
				CLANG_WARN_COMMA = YES;
				CLANG_WARN_CONSTANT_CONVERSION = YES;
				CLANG_WARN_DEPRECATED_OBJC_IMPLEMENTATIONS = YES;
				CLANG_WARN_DIRECT_OBJC_ISA_USAGE = YES_ERROR;
				CLANG_WARN_DOCUMENTATION_COMMENTS = YES;
				CLANG_WARN_EMPTY_BODY = YES;
				CLANG_WARN_ENUM_CONVERSION = YES;
				CLANG_WARN_INFINITE_RECURSION = YES;
				CLANG_WARN_INT_CONVERSION = YES;
				CLANG_WARN_NON_LITERAL_NULL_CONVERSION = YES;
				CLANG_WARN_OBJC_IMPLICIT_RETAIN_SELF = YES;
				CLANG_WARN_OBJC_LITERAL_CONVERSION = YES;
				CLANG_WARN_OBJC_ROOT_CLASS = YES_ERROR;
				CLANG_WARN_QUOTED_INCLUDE_IN_FRAMEWORK_HEADER = YES;
				CLANG_WARN_RANGE_LOOP_ANALYSIS = YES;
				CLANG_WARN_STRICT_PROTOTYPES = YES;
				CLANG_WARN_SUSPICIOUS_MOVE = YES;
				CLANG_WARN_UNGUARDED_AVAILABILITY = YES_AGGRESSIVE;
				CLANG_WARN_UNREACHABLE_CODE = YES;
				CLANG_WARN__DUPLICATE_METHOD_MATCH = YES;
				COPY_PHASE_STRIP = NO;
				DEBUG_INFORMATION_FORMAT = dwarf;
				ENABLE_STRICT_OBJC_MSGSEND = YES;
				ENABLE_TESTABILITY = YES;
				GCC_C_LANGUAGE_STANDARD = gnu11;
				GCC_DYNAMIC_NO_PIC = NO;
				GCC_NO_COMMON_BLOCKS = YES;
				GCC_OPTIMIZATION_LEVEL = 0;
				GCC_PREPROCESSOR_DEFINITIONS = (
					"DEBUG=1",
					"$(inherited)",
				);
				GCC_WARN_64_TO_32_BIT_CONVERSION = YES;
				GCC_WARN_ABOUT_RETURN_TYPE = YES_ERROR;
				GCC_WARN_UNDECLARED_SELECTOR = YES;
				GCC_WARN_UNINITIALIZED_AUTOS = YES_AGGRESSIVE;
				GCC_WARN_UNUSED_FUNCTION = YES;
				GCC_WARN_UNUSED_VARIABLE = YES;
				IPHONEOS_DEPLOYMENT_TARGET = 16.0;
				MTL_ENABLE_DEBUG_INFO = INCLUDE_SOURCE;
				MTL_FAST_MATH = YES;
				ONLY_ACTIVE_ARCH = YES;
				SDKROOT = iphoneos;
				SWIFT_ACTIVE_COMPILATION_CONDITIONS = DEBUG;
				SWIFT_OPTIMIZATION_LEVEL = "-Onone";
			};
			name = Debug;
		};
		EDB5C96029C0EF1700EC3B77 /* Release */ = {
			isa = XCBuildConfiguration;
			buildSettings = {
				ALWAYS_SEARCH_USER_PATHS = NO;
				CLANG_ANALYZER_NONNULL = YES;
				CLANG_ANALYZER_NUMBER_OBJECT_CONVERSION = YES_AGGRESSIVE;
				CLANG_CXX_LANGUAGE_STANDARD = "gnu++20";
				CLANG_ENABLE_MODULES = YES;
				CLANG_ENABLE_OBJC_ARC = YES;
				CLANG_ENABLE_OBJC_WEAK = YES;
				CLANG_WARN_BLOCK_CAPTURE_AUTORELEASING = YES;
				CLANG_WARN_BOOL_CONVERSION = YES;
				CLANG_WARN_COMMA = YES;
				CLANG_WARN_CONSTANT_CONVERSION = YES;
				CLANG_WARN_DEPRECATED_OBJC_IMPLEMENTATIONS = YES;
				CLANG_WARN_DIRECT_OBJC_ISA_USAGE = YES_ERROR;
				CLANG_WARN_DOCUMENTATION_COMMENTS = YES;
				CLANG_WARN_EMPTY_BODY = YES;
				CLANG_WARN_ENUM_CONVERSION = YES;
				CLANG_WARN_INFINITE_RECURSION = YES;
				CLANG_WARN_INT_CONVERSION = YES;
				CLANG_WARN_NON_LITERAL_NULL_CONVERSION = YES;
				CLANG_WARN_OBJC_IMPLICIT_RETAIN_SELF = YES;
				CLANG_WARN_OBJC_LITERAL_CONVERSION = YES;
				CLANG_WARN_OBJC_ROOT_CLASS = YES_ERROR;
				CLANG_WARN_QUOTED_INCLUDE_IN_FRAMEWORK_HEADER = YES;
				CLANG_WARN_RANGE_LOOP_ANALYSIS = YES;
				CLANG_WARN_STRICT_PROTOTYPES = YES;
				CLANG_WARN_SUSPICIOUS_MOVE = YES;
				CLANG_WARN_UNGUARDED_AVAILABILITY = YES_AGGRESSIVE;
				CLANG_WARN_UNREACHABLE_CODE = YES;
				CLANG_WARN__DUPLICATE_METHOD_MATCH = YES;
				COPY_PHASE_STRIP = NO;
				DEBUG_INFORMATION_FORMAT = "dwarf-with-dsym";
				ENABLE_NS_ASSERTIONS = NO;
				ENABLE_STRICT_OBJC_MSGSEND = YES;
				GCC_C_LANGUAGE_STANDARD = gnu11;
				GCC_NO_COMMON_BLOCKS = YES;
				GCC_WARN_64_TO_32_BIT_CONVERSION = YES;
				GCC_WARN_ABOUT_RETURN_TYPE = YES_ERROR;
				GCC_WARN_UNDECLARED_SELECTOR = YES;
				GCC_WARN_UNINITIALIZED_AUTOS = YES_AGGRESSIVE;
				GCC_WARN_UNUSED_FUNCTION = YES;
				GCC_WARN_UNUSED_VARIABLE = YES;
				IPHONEOS_DEPLOYMENT_TARGET = 16.0;
				MTL_ENABLE_DEBUG_INFO = NO;
				MTL_FAST_MATH = YES;
				SDKROOT = iphoneos;
				SWIFT_COMPILATION_MODE = wholemodule;
				SWIFT_OPTIMIZATION_LEVEL = "-O";
				VALIDATE_PRODUCT = YES;
			};
			name = Release;
		};
		EDB5C96229C0EF1700EC3B77 /* Debug */ = {
			isa = XCBuildConfiguration;
			buildSettings = {
				ASSETCATALOG_COMPILER_APPICON_NAME = AppIcon;
				ASSETCATALOG_COMPILER_GLOBAL_ACCENT_COLOR_NAME = AccentColor;
				CODE_SIGN_IDENTITY = "Apple Development";
				CODE_SIGN_STYLE = Automatic;
				CURRENT_PROJECT_VERSION = 1;
				DEVELOPMENT_TEAM = UZJUVD46BF;
				GENERATE_INFOPLIST_FILE = YES;
				INFOPLIST_FILE = MovieDB/Info.plist;
				INFOPLIST_KEY_CFBundleDisplayName = MovieDB;
				INFOPLIST_KEY_UIApplicationSupportsIndirectInputEvents = YES;
				INFOPLIST_KEY_UILaunchStoryboardName = LaunchScreen;
				INFOPLIST_KEY_UIMainStoryboardFile = "";
				INFOPLIST_KEY_UIStatusBarStyle = "";
				INFOPLIST_KEY_UISupportedInterfaceOrientations_iPad = "UIInterfaceOrientationPortrait UIInterfaceOrientationPortraitUpsideDown UIInterfaceOrientationLandscapeLeft UIInterfaceOrientationLandscapeRight";
				INFOPLIST_KEY_UISupportedInterfaceOrientations_iPhone = "UIInterfaceOrientationPortrait UIInterfaceOrientationLandscapeLeft UIInterfaceOrientationLandscapeRight";
				LD_RUNPATH_SEARCH_PATHS = (
					"$(inherited)",
					"@executable_path/Frameworks",
				);
				MARKETING_VERSION = 1.0;
				PRODUCT_BUNDLE_IDENTIFIER = io.mowi.MovieDB;
				PRODUCT_NAME = "$(TARGET_NAME)";
				PROVISIONING_PROFILE_SPECIFIER = "";
				SWIFT_EMIT_LOC_STRINGS = YES;
				SWIFT_VERSION = 5.0;
				TARGETED_DEVICE_FAMILY = "1,2";
			};
			name = Debug;
		};
		EDB5C96329C0EF1700EC3B77 /* Release */ = {
			isa = XCBuildConfiguration;
			buildSettings = {
				ASSETCATALOG_COMPILER_APPICON_NAME = AppIcon;
				ASSETCATALOG_COMPILER_GLOBAL_ACCENT_COLOR_NAME = AccentColor;
				CODE_SIGN_IDENTITY = "Apple Development";
				CODE_SIGN_STYLE = Automatic;
				CURRENT_PROJECT_VERSION = 1;
				DEVELOPMENT_TEAM = UZJUVD46BF;
				GENERATE_INFOPLIST_FILE = YES;
				INFOPLIST_FILE = MovieDB/Info.plist;
				INFOPLIST_KEY_CFBundleDisplayName = MovieDB;
				INFOPLIST_KEY_UIApplicationSupportsIndirectInputEvents = YES;
				INFOPLIST_KEY_UILaunchStoryboardName = LaunchScreen;
				INFOPLIST_KEY_UIMainStoryboardFile = "";
				INFOPLIST_KEY_UIStatusBarStyle = "";
				INFOPLIST_KEY_UISupportedInterfaceOrientations_iPad = "UIInterfaceOrientationPortrait UIInterfaceOrientationPortraitUpsideDown UIInterfaceOrientationLandscapeLeft UIInterfaceOrientationLandscapeRight";
				INFOPLIST_KEY_UISupportedInterfaceOrientations_iPhone = "UIInterfaceOrientationPortrait UIInterfaceOrientationLandscapeLeft UIInterfaceOrientationLandscapeRight";
				LD_RUNPATH_SEARCH_PATHS = (
					"$(inherited)",
					"@executable_path/Frameworks",
				);
				MARKETING_VERSION = 1.0;
				PRODUCT_BUNDLE_IDENTIFIER = io.mowi.MovieDB;
				PRODUCT_NAME = "$(TARGET_NAME)";
				PROVISIONING_PROFILE_SPECIFIER = "";
				SWIFT_EMIT_LOC_STRINGS = YES;
				SWIFT_VERSION = 5.0;
				TARGETED_DEVICE_FAMILY = "1,2";
			};
			name = Release;
		};
/* End XCBuildConfiguration section */

/* Begin XCConfigurationList section */
		EDB5C94829C0EF1300EC3B77 /* Build configuration list for PBXProject "MovieDB" */ = {
			isa = XCConfigurationList;
			buildConfigurations = (
				EDB5C95F29C0EF1700EC3B77 /* Debug */,
				EDB5C96029C0EF1700EC3B77 /* Release */,
			);
			defaultConfigurationIsVisible = 0;
			defaultConfigurationName = Debug;
		};
		EDB5C96129C0EF1700EC3B77 /* Build configuration list for PBXNativeTarget "MovieDB" */ = {
			isa = XCConfigurationList;
			buildConfigurations = (
				EDB5C96229C0EF1700EC3B77 /* Debug */,
				EDB5C96329C0EF1700EC3B77 /* Release */,
			);
			defaultConfigurationIsVisible = 0;
			defaultConfigurationName = Debug;
		};
/* End XCConfigurationList section */

/* Begin XCSwiftPackageProductDependency section */
		EDBBE5002A55D94100053A25 /* MovieDBCore */ = {
			isa = XCSwiftPackageProductDependency;
			productName = MovieDBCore;
		};
		EDBBE5022A55D94100053A25 /* MovieDBData */ = {
			isa = XCSwiftPackageProductDependency;
			productName = MovieDBData;
		};
		EDBBE5042A55D94100053A25 /* MovieDBUI */ = {
			isa = XCSwiftPackageProductDependency;
			productName = MovieDBUI;
		};
		EDF1B93C2A58662A0087A63F /* MovieDBInfra */ = {
			isa = XCSwiftPackageProductDependency;
			productName = MovieDBInfra;
		};
/* End XCSwiftPackageProductDependency section */
	};
	rootObject = EDB5C94529C0EF1300EC3B77 /* Project object */;
}
