// !$*UTF8*$!
{
	archiveVersion = 1;
	classes = {
	};
	objectVersion = 56;
	objects = {

/* Begin PBXBuildFile section */
		EDB5C95129C0EF1400EC3B77 /* AppDelegate.swift in Sources */ = {isa = PBXBuildFile; fileRef = EDB5C95029C0EF1400EC3B77 /* AppDelegate.swift */; };
		EDB5C95329C0EF1400EC3B77 /* SceneDelegate.swift in Sources */ = {isa = PBXBuildFile; fileRef = EDB5C95229C0EF1400EC3B77 /* SceneDelegate.swift */; };
		EDB5C95529C0EF1400EC3B77 /* ViewController.swift in Sources */ = {isa = PBXBuildFile; fileRef = EDB5C95429C0EF1400EC3B77 /* ViewController.swift */; };
		EDB5C95829C0EF1400EC3B77 /* Main.storyboard in Resources */ = {isa = PBXBuildFile; fileRef = EDB5C95629C0EF1400EC3B77 /* Main.storyboard */; };
		EDB5C95A29C0EF1700EC3B77 /* Assets.xcassets in Resources */ = {isa = PBXBuildFile; fileRef = EDB5C95929C0EF1700EC3B77 /* Assets.xcassets */; };
		EDB5C95D29C0EF1700EC3B77 /* LaunchScreen.storyboard in Resources */ = {isa = PBXBuildFile; fileRef = EDB5C95B29C0EF1700EC3B77 /* LaunchScreen.storyboard */; };
		EDB5C96B29C0F91C00EC3B77 /* RemoteCall.swift in Sources */ = {isa = PBXBuildFile; fileRef = EDB5C96829C0F91C00EC3B77 /* RemoteCall.swift */; };
		EDB5C96C29C0F91C00EC3B77 /* Authentication.swift in Sources */ = {isa = PBXBuildFile; fileRef = EDB5C96929C0F91C00EC3B77 /* Authentication.swift */; };
		EDB5C96D29C0F91D00EC3B77 /* RemoteDataSource.swift in Sources */ = {isa = PBXBuildFile; fileRef = EDB5C96A29C0F91C00EC3B77 /* RemoteDataSource.swift */; };
		EDB5C96F29C0F94600EC3B77 /* MoviesRemoteDataSource.swift in Sources */ = {isa = PBXBuildFile; fileRef = EDB5C96E29C0F94600EC3B77 /* MoviesRemoteDataSource.swift */; };
		EDB5C97129C0FA0100EC3B77 /* MoviesListRemoteModel.swift in Sources */ = {isa = PBXBuildFile; fileRef = EDB5C97029C0FA0100EC3B77 /* MoviesListRemoteModel.swift */; };
		EDB5C97329C0FAA600EC3B77 /* MovieRemoteModel.swift in Sources */ = {isa = PBXBuildFile; fileRef = EDB5C97229C0FAA600EC3B77 /* MovieRemoteModel.swift */; };
		EDB5C97629C0FBA300EC3B77 /* Movie.swift in Sources */ = {isa = PBXBuildFile; fileRef = EDB5C97529C0FBA300EC3B77 /* Movie.swift */; };
		EDB5C97929C0FD2700EC3B77 /* Constants.swift in Sources */ = {isa = PBXBuildFile; fileRef = EDB5C97829C0FD2700EC3B77 /* Constants.swift */; };
		EDB5C97B29C0FE1400EC3B77 /* Async.swift in Sources */ = {isa = PBXBuildFile; fileRef = EDB5C97A29C0FE1400EC3B77 /* Async.swift */; };
		EDB5C97D29C1013F00EC3B77 /* MovieDetailRemoteModel.swift in Sources */ = {isa = PBXBuildFile; fileRef = EDB5C97C29C1013F00EC3B77 /* MovieDetailRemoteModel.swift */; };
		EDF5F06129C2237900E8C730 /* PaginatedList.swift in Sources */ = {isa = PBXBuildFile; fileRef = EDF5F06029C2237900E8C730 /* PaginatedList.swift */; };
		EDF5F06329C2276500E8C730 /* MovieDetails.swift in Sources */ = {isa = PBXBuildFile; fileRef = EDF5F06229C2276500E8C730 /* MovieDetails.swift */; };
		EDF5F06529C229D200E8C730 /* RemoteModel.swift in Sources */ = {isa = PBXBuildFile; fileRef = EDF5F06429C229D200E8C730 /* RemoteModel.swift */; };
		EDF5F06929C22D9A00E8C730 /* MoviesRemoteDataSource+Calls.swift in Sources */ = {isa = PBXBuildFile; fileRef = EDF5F06829C22D9A00E8C730 /* MoviesRemoteDataSource+Calls.swift */; };
/* End PBXBuildFile section */

/* Begin PBXFileReference section */
		EDB5C94D29C0EF1300EC3B77 /* MovieDB.app */ = {isa = PBXFileReference; explicitFileType = wrapper.application; includeInIndex = 0; path = MovieDB.app; sourceTree = BUILT_PRODUCTS_DIR; };
		EDB5C95029C0EF1400EC3B77 /* AppDelegate.swift */ = {isa = PBXFileReference; lastKnownFileType = sourcecode.swift; path = AppDelegate.swift; sourceTree = "<group>"; };
		EDB5C95229C0EF1400EC3B77 /* SceneDelegate.swift */ = {isa = PBXFileReference; lastKnownFileType = sourcecode.swift; path = SceneDelegate.swift; sourceTree = "<group>"; };
		EDB5C95429C0EF1400EC3B77 /* ViewController.swift */ = {isa = PBXFileReference; lastKnownFileType = sourcecode.swift; path = ViewController.swift; sourceTree = "<group>"; };
		EDB5C95729C0EF1400EC3B77 /* Base */ = {isa = PBXFileReference; lastKnownFileType = file.storyboard; name = Base; path = Base.lproj/Main.storyboard; sourceTree = "<group>"; };
		EDB5C95929C0EF1700EC3B77 /* Assets.xcassets */ = {isa = PBXFileReference; lastKnownFileType = folder.assetcatalog; path = Assets.xcassets; sourceTree = "<group>"; };
		EDB5C95C29C0EF1700EC3B77 /* Base */ = {isa = PBXFileReference; lastKnownFileType = file.storyboard; name = Base; path = Base.lproj/LaunchScreen.storyboard; sourceTree = "<group>"; };
		EDB5C95E29C0EF1700EC3B77 /* Info.plist */ = {isa = PBXFileReference; lastKnownFileType = text.plist.xml; path = Info.plist; sourceTree = "<group>"; };
		EDB5C96829C0F91C00EC3B77 /* RemoteCall.swift */ = {isa = PBXFileReference; fileEncoding = 4; lastKnownFileType = sourcecode.swift; path = RemoteCall.swift; sourceTree = "<group>"; };
		EDB5C96929C0F91C00EC3B77 /* Authentication.swift */ = {isa = PBXFileReference; fileEncoding = 4; lastKnownFileType = sourcecode.swift; path = Authentication.swift; sourceTree = "<group>"; };
		EDB5C96A29C0F91C00EC3B77 /* RemoteDataSource.swift */ = {isa = PBXFileReference; fileEncoding = 4; lastKnownFileType = sourcecode.swift; path = RemoteDataSource.swift; sourceTree = "<group>"; };
		EDB5C96E29C0F94600EC3B77 /* MoviesRemoteDataSource.swift */ = {isa = PBXFileReference; fileEncoding = 4; lastKnownFileType = sourcecode.swift; path = MoviesRemoteDataSource.swift; sourceTree = "<group>"; };
		EDB5C97029C0FA0100EC3B77 /* MoviesListRemoteModel.swift */ = {isa = PBXFileReference; lastKnownFileType = sourcecode.swift; path = MoviesListRemoteModel.swift; sourceTree = "<group>"; };
		EDB5C97229C0FAA600EC3B77 /* MovieRemoteModel.swift */ = {isa = PBXFileReference; lastKnownFileType = sourcecode.swift; path = MovieRemoteModel.swift; sourceTree = "<group>"; };
		EDB5C97529C0FBA300EC3B77 /* Movie.swift */ = {isa = PBXFileReference; lastKnownFileType = sourcecode.swift; path = Movie.swift; sourceTree = "<group>"; };
		EDB5C97829C0FD2700EC3B77 /* Constants.swift */ = {isa = PBXFileReference; lastKnownFileType = sourcecode.swift; path = Constants.swift; sourceTree = "<group>"; };
		EDB5C97A29C0FE1400EC3B77 /* Async.swift */ = {isa = PBXFileReference; fileEncoding = 4; lastKnownFileType = sourcecode.swift; path = Async.swift; sourceTree = "<group>"; };
		EDB5C97C29C1013F00EC3B77 /* MovieDetailRemoteModel.swift */ = {isa = PBXFileReference; lastKnownFileType = sourcecode.swift; path = MovieDetailRemoteModel.swift; sourceTree = "<group>"; };
		EDF5F06029C2237900E8C730 /* PaginatedList.swift */ = {isa = PBXFileReference; lastKnownFileType = sourcecode.swift; path = PaginatedList.swift; sourceTree = "<group>"; };
		EDF5F06229C2276500E8C730 /* MovieDetails.swift */ = {isa = PBXFileReference; lastKnownFileType = sourcecode.swift; path = MovieDetails.swift; sourceTree = "<group>"; };
		EDF5F06429C229D200E8C730 /* RemoteModel.swift */ = {isa = PBXFileReference; lastKnownFileType = sourcecode.swift; path = RemoteModel.swift; sourceTree = "<group>"; };
		EDF5F06829C22D9A00E8C730 /* MoviesRemoteDataSource+Calls.swift */ = {isa = PBXFileReference; lastKnownFileType = sourcecode.swift; path = "MoviesRemoteDataSource+Calls.swift"; sourceTree = "<group>"; };
/* End PBXFileReference section */

/* Begin PBXFrameworksBuildPhase section */
		EDB5C94A29C0EF1300EC3B77 /* Frameworks */ = {
			isa = PBXFrameworksBuildPhase;
			buildActionMask = 2147483647;
			files = (
			);
			runOnlyForDeploymentPostprocessing = 0;
		};
/* End PBXFrameworksBuildPhase section */

/* Begin PBXGroup section */
		EDB5C94429C0EF1300EC3B77 = {
			isa = PBXGroup;
			children = (
				EDB5C94F29C0EF1300EC3B77 /* MovieDB */,
				EDB5C94E29C0EF1300EC3B77 /* Products */,
			);
			sourceTree = "<group>";
		};
		EDB5C94E29C0EF1300EC3B77 /* Products */ = {
			isa = PBXGroup;
			children = (
				EDB5C94D29C0EF1300EC3B77 /* MovieDB.app */,
			);
			name = Products;
			sourceTree = "<group>";
		};
		EDB5C94F29C0EF1300EC3B77 /* MovieDB */ = {
			isa = PBXGroup;
			children = (
				EDB5C96429C0F8C000EC3B77 /* DataSources */,
				EDB5C97429C0FB9700EC3B77 /* Model */,
				EDB5C97729C0FD0D00EC3B77 /* Utils */,
				EDB5C95029C0EF1400EC3B77 /* AppDelegate.swift */,
				EDB5C95229C0EF1400EC3B77 /* SceneDelegate.swift */,
				EDB5C95429C0EF1400EC3B77 /* ViewController.swift */,
				EDB5C95629C0EF1400EC3B77 /* Main.storyboard */,
				EDB5C95929C0EF1700EC3B77 /* Assets.xcassets */,
				EDB5C95B29C0EF1700EC3B77 /* LaunchScreen.storyboard */,
				EDB5C95E29C0EF1700EC3B77 /* Info.plist */,
			);
			path = MovieDB;
			sourceTree = "<group>";
		};
		EDB5C96429C0F8C000EC3B77 /* DataSources */ = {
			isa = PBXGroup;
			children = (
				EDB5C96529C0F8D000EC3B77 /* Remote */,
			);
			path = DataSources;
			sourceTree = "<group>";
		};
		EDB5C96529C0F8D000EC3B77 /* Remote */ = {
			isa = PBXGroup;
			children = (
				EDB5C96729C0F8E500EC3B77 /* Configuration */,
				EDB5C96629C0F8DC00EC3B77 /* DTO */,
				EDF5F06629C22D3B00E8C730 /* API */,
			);
			path = Remote;
			sourceTree = "<group>";
		};
		EDB5C96629C0F8DC00EC3B77 /* DTO */ = {
			isa = PBXGroup;
			children = (
				EDB5C97029C0FA0100EC3B77 /* MoviesListRemoteModel.swift */,
				EDB5C97229C0FAA600EC3B77 /* MovieRemoteModel.swift */,
				EDB5C97C29C1013F00EC3B77 /* MovieDetailRemoteModel.swift */,
				EDF5F06429C229D200E8C730 /* RemoteModel.swift */,
			);
			path = DTO;
			sourceTree = "<group>";
		};
		EDB5C96729C0F8E500EC3B77 /* Configuration */ = {
			isa = PBXGroup;
			children = (
				EDB5C96929C0F91C00EC3B77 /* Authentication.swift */,
				EDB5C96829C0F91C00EC3B77 /* RemoteCall.swift */,
				EDB5C96A29C0F91C00EC3B77 /* RemoteDataSource.swift */,
			);
			path = Configuration;
			sourceTree = "<group>";
		};
		EDB5C97429C0FB9700EC3B77 /* Model */ = {
			isa = PBXGroup;
			children = (
				EDF5F06029C2237900E8C730 /* PaginatedList.swift */,
				EDB5C97529C0FBA300EC3B77 /* Movie.swift */,
				EDF5F06229C2276500E8C730 /* MovieDetails.swift */,
			);
			path = Model;
			sourceTree = "<group>";
		};
		EDB5C97729C0FD0D00EC3B77 /* Utils */ = {
			isa = PBXGroup;
			children = (
				EDB5C97A29C0FE1400EC3B77 /* Async.swift */,
				EDB5C97829C0FD2700EC3B77 /* Constants.swift */,
			);
			path = Utils;
			sourceTree = "<group>";
		};
		EDF5F06629C22D3B00E8C730 /* API */ = {
			isa = PBXGroup;
			children = (
				EDF5F06729C22D5300E8C730 /* Movies */,
			);
			path = API;
			sourceTree = "<group>";
		};
		EDF5F06729C22D5300E8C730 /* Movies */ = {
			isa = PBXGroup;
			children = (
				EDB5C96E29C0F94600EC3B77 /* MoviesRemoteDataSource.swift */,
				EDF5F06829C22D9A00E8C730 /* MoviesRemoteDataSource+Calls.swift */,
			);
			path = Movies;
			sourceTree = "<group>";
		};
/* End PBXGroup section */

/* Begin PBXNativeTarget section */
		EDB5C94C29C0EF1300EC3B77 /* MovieDB */ = {
			isa = PBXNativeTarget;
			buildConfigurationList = EDB5C96129C0EF1700EC3B77 /* Build configuration list for PBXNativeTarget "MovieDB" */;
			buildPhases = (
				EDB5C94929C0EF1300EC3B77 /* Sources */,
				EDB5C94A29C0EF1300EC3B77 /* Frameworks */,
				EDB5C94B29C0EF1300EC3B77 /* Resources */,
			);
			buildRules = (
			);
			dependencies = (
			);
			name = MovieDB;
			productName = MovieDB;
			productReference = EDB5C94D29C0EF1300EC3B77 /* MovieDB.app */;
			productType = "com.apple.product-type.application";
		};
/* End PBXNativeTarget section */

/* Begin PBXProject section */
		EDB5C94529C0EF1300EC3B77 /* Project object */ = {
			isa = PBXProject;
			attributes = {
				BuildIndependentTargetsInParallel = 1;
				LastSwiftUpdateCheck = 1420;
				LastUpgradeCheck = 1420;
				TargetAttributes = {
					EDB5C94C29C0EF1300EC3B77 = {
						CreatedOnToolsVersion = 14.2;
					};
				};
			};
			buildConfigurationList = EDB5C94829C0EF1300EC3B77 /* Build configuration list for PBXProject "MovieDB" */;
			compatibilityVersion = "Xcode 14.0";
			developmentRegion = en;
			hasScannedForEncodings = 0;
			knownRegions = (
				en,
				Base,
			);
			mainGroup = EDB5C94429C0EF1300EC3B77;
			productRefGroup = EDB5C94E29C0EF1300EC3B77 /* Products */;
			projectDirPath = "";
			projectRoot = "";
			targets = (
				EDB5C94C29C0EF1300EC3B77 /* MovieDB */,
			);
		};
/* End PBXProject section */

/* Begin PBXResourcesBuildPhase section */
		EDB5C94B29C0EF1300EC3B77 /* Resources */ = {
			isa = PBXResourcesBuildPhase;
			buildActionMask = 2147483647;
			files = (
				EDB5C95D29C0EF1700EC3B77 /* LaunchScreen.storyboard in Resources */,
				EDB5C95A29C0EF1700EC3B77 /* Assets.xcassets in Resources */,
				EDB5C95829C0EF1400EC3B77 /* Main.storyboard in Resources */,
			);
			runOnlyForDeploymentPostprocessing = 0;
		};
/* End PBXResourcesBuildPhase section */

/* Begin PBXSourcesBuildPhase section */
		EDB5C94929C0EF1300EC3B77 /* Sources */ = {
			isa = PBXSourcesBuildPhase;
			buildActionMask = 2147483647;
			files = (
				EDB5C97329C0FAA600EC3B77 /* MovieRemoteModel.swift in Sources */,
				EDF5F06129C2237900E8C730 /* PaginatedList.swift in Sources */,
				EDB5C97929C0FD2700EC3B77 /* Constants.swift in Sources */,
				EDB5C95529C0EF1400EC3B77 /* ViewController.swift in Sources */,
				EDB5C95129C0EF1400EC3B77 /* AppDelegate.swift in Sources */,
				EDB5C97B29C0FE1400EC3B77 /* Async.swift in Sources */,
				EDF5F06929C22D9A00E8C730 /* MoviesRemoteDataSource+Calls.swift in Sources */,
				EDB5C97129C0FA0100EC3B77 /* MoviesListRemoteModel.swift in Sources */,
				EDB5C97629C0FBA300EC3B77 /* Movie.swift in Sources */,
				EDF5F06329C2276500E8C730 /* MovieDetails.swift in Sources */,
				EDF5F06529C229D200E8C730 /* RemoteModel.swift in Sources */,
				EDB5C97D29C1013F00EC3B77 /* MovieDetailRemoteModel.swift in Sources */,
				EDB5C96F29C0F94600EC3B77 /* MoviesRemoteDataSource.swift in Sources */,
				EDB5C95329C0EF1400EC3B77 /* SceneDelegate.swift in Sources */,
				EDB5C96C29C0F91C00EC3B77 /* Authentication.swift in Sources */,
				EDB5C96D29C0F91D00EC3B77 /* RemoteDataSource.swift in Sources */,
				EDB5C96B29C0F91C00EC3B77 /* RemoteCall.swift in Sources */,
			);
			runOnlyForDeploymentPostprocessing = 0;
		};
/* End PBXSourcesBuildPhase section */

/* Begin PBXVariantGroup section */
		EDB5C95629C0EF1400EC3B77 /* Main.storyboard */ = {
			isa = PBXVariantGroup;
			children = (
				EDB5C95729C0EF1400EC3B77 /* Base */,
			);
			name = Main.storyboard;
			sourceTree = "<group>";
		};
		EDB5C95B29C0EF1700EC3B77 /* LaunchScreen.storyboard */ = {
			isa = PBXVariantGroup;
			children = (
				EDB5C95C29C0EF1700EC3B77 /* Base */,
			);
			name = LaunchScreen.storyboard;
			sourceTree = "<group>";
		};
/* End PBXVariantGroup section */

/* Begin XCBuildConfiguration section */
		EDB5C95F29C0EF1700EC3B77 /* Debug */ = {
			isa = XCBuildConfiguration;
			buildSettings = {
				ALWAYS_SEARCH_USER_PATHS = NO;
				CLANG_ANALYZER_NONNULL = YES;
				CLANG_ANALYZER_NUMBER_OBJECT_CONVERSION = YES_AGGRESSIVE;
				CLANG_CXX_LANGUAGE_STANDARD = "gnu++20";
				CLANG_ENABLE_MODULES = YES;
				CLANG_ENABLE_OBJC_ARC = YES;
				CLANG_ENABLE_OBJC_WEAK = YES;
				CLANG_WARN_BLOCK_CAPTURE_AUTORELEASING = YES;
				CLANG_WARN_BOOL_CONVERSION = YES;
				CLANG_WARN_COMMA = YES;
				CLANG_WARN_CONSTANT_CONVERSION = YES;
				CLANG_WARN_DEPRECATED_OBJC_IMPLEMENTATIONS = YES;
				CLANG_WARN_DIRECT_OBJC_ISA_USAGE = YES_ERROR;
				CLANG_WARN_DOCUMENTATION_COMMENTS = YES;
				CLANG_WARN_EMPTY_BODY = YES;
				CLANG_WARN_ENUM_CONVERSION = YES;
				CLANG_WARN_INFINITE_RECURSION = YES;
				CLANG_WARN_INT_CONVERSION = YES;
				CLANG_WARN_NON_LITERAL_NULL_CONVERSION = YES;
				CLANG_WARN_OBJC_IMPLICIT_RETAIN_SELF = YES;
				CLANG_WARN_OBJC_LITERAL_CONVERSION = YES;
				CLANG_WARN_OBJC_ROOT_CLASS = YES_ERROR;
				CLANG_WARN_QUOTED_INCLUDE_IN_FRAMEWORK_HEADER = YES;
				CLANG_WARN_RANGE_LOOP_ANALYSIS = YES;
				CLANG_WARN_STRICT_PROTOTYPES = YES;
				CLANG_WARN_SUSPICIOUS_MOVE = YES;
				CLANG_WARN_UNGUARDED_AVAILABILITY = YES_AGGRESSIVE;
				CLANG_WARN_UNREACHABLE_CODE = YES;
				CLANG_WARN__DUPLICATE_METHOD_MATCH = YES;
				COPY_PHASE_STRIP = NO;
				DEBUG_INFORMATION_FORMAT = dwarf;
				ENABLE_STRICT_OBJC_MSGSEND = YES;
				ENABLE_TESTABILITY = YES;
				GCC_C_LANGUAGE_STANDARD = gnu11;
				GCC_DYNAMIC_NO_PIC = NO;
				GCC_NO_COMMON_BLOCKS = YES;
				GCC_OPTIMIZATION_LEVEL = 0;
				GCC_PREPROCESSOR_DEFINITIONS = (
					"DEBUG=1",
					"$(inherited)",
				);
				GCC_WARN_64_TO_32_BIT_CONVERSION = YES;
				GCC_WARN_ABOUT_RETURN_TYPE = YES_ERROR;
				GCC_WARN_UNDECLARED_SELECTOR = YES;
				GCC_WARN_UNINITIALIZED_AUTOS = YES_AGGRESSIVE;
				GCC_WARN_UNUSED_FUNCTION = YES;
				GCC_WARN_UNUSED_VARIABLE = YES;
				IPHONEOS_DEPLOYMENT_TARGET = 16.0;
				MTL_ENABLE_DEBUG_INFO = INCLUDE_SOURCE;
				MTL_FAST_MATH = YES;
				ONLY_ACTIVE_ARCH = YES;
				SDKROOT = iphoneos;
				SWIFT_ACTIVE_COMPILATION_CONDITIONS = DEBUG;
				SWIFT_OPTIMIZATION_LEVEL = "-Onone";
			};
			name = Debug;
		};
		EDB5C96029C0EF1700EC3B77 /* Release */ = {
			isa = XCBuildConfiguration;
			buildSettings = {
				ALWAYS_SEARCH_USER_PATHS = NO;
				CLANG_ANALYZER_NONNULL = YES;
				CLANG_ANALYZER_NUMBER_OBJECT_CONVERSION = YES_AGGRESSIVE;
				CLANG_CXX_LANGUAGE_STANDARD = "gnu++20";
				CLANG_ENABLE_MODULES = YES;
				CLANG_ENABLE_OBJC_ARC = YES;
				CLANG_ENABLE_OBJC_WEAK = YES;
				CLANG_WARN_BLOCK_CAPTURE_AUTORELEASING = YES;
				CLANG_WARN_BOOL_CONVERSION = YES;
				CLANG_WARN_COMMA = YES;
				CLANG_WARN_CONSTANT_CONVERSION = YES;
				CLANG_WARN_DEPRECATED_OBJC_IMPLEMENTATIONS = YES;
				CLANG_WARN_DIRECT_OBJC_ISA_USAGE = YES_ERROR;
				CLANG_WARN_DOCUMENTATION_COMMENTS = YES;
				CLANG_WARN_EMPTY_BODY = YES;
				CLANG_WARN_ENUM_CONVERSION = YES;
				CLANG_WARN_INFINITE_RECURSION = YES;
				CLANG_WARN_INT_CONVERSION = YES;
				CLANG_WARN_NON_LITERAL_NULL_CONVERSION = YES;
				CLANG_WARN_OBJC_IMPLICIT_RETAIN_SELF = YES;
				CLANG_WARN_OBJC_LITERAL_CONVERSION = YES;
				CLANG_WARN_OBJC_ROOT_CLASS = YES_ERROR;
				CLANG_WARN_QUOTED_INCLUDE_IN_FRAMEWORK_HEADER = YES;
				CLANG_WARN_RANGE_LOOP_ANALYSIS = YES;
				CLANG_WARN_STRICT_PROTOTYPES = YES;
				CLANG_WARN_SUSPICIOUS_MOVE = YES;
				CLANG_WARN_UNGUARDED_AVAILABILITY = YES_AGGRESSIVE;
				CLANG_WARN_UNREACHABLE_CODE = YES;
				CLANG_WARN__DUPLICATE_METHOD_MATCH = YES;
				COPY_PHASE_STRIP = NO;
				DEBUG_INFORMATION_FORMAT = "dwarf-with-dsym";
				ENABLE_NS_ASSERTIONS = NO;
				ENABLE_STRICT_OBJC_MSGSEND = YES;
				GCC_C_LANGUAGE_STANDARD = gnu11;
				GCC_NO_COMMON_BLOCKS = YES;
				GCC_WARN_64_TO_32_BIT_CONVERSION = YES;
				GCC_WARN_ABOUT_RETURN_TYPE = YES_ERROR;
				GCC_WARN_UNDECLARED_SELECTOR = YES;
				GCC_WARN_UNINITIALIZED_AUTOS = YES_AGGRESSIVE;
				GCC_WARN_UNUSED_FUNCTION = YES;
				GCC_WARN_UNUSED_VARIABLE = YES;
				IPHONEOS_DEPLOYMENT_TARGET = 16.0;
				MTL_ENABLE_DEBUG_INFO = NO;
				MTL_FAST_MATH = YES;
				SDKROOT = iphoneos;
				SWIFT_COMPILATION_MODE = wholemodule;
				SWIFT_OPTIMIZATION_LEVEL = "-O";
				VALIDATE_PRODUCT = YES;
			};
			name = Release;
		};
		EDB5C96229C0EF1700EC3B77 /* Debug */ = {
			isa = XCBuildConfiguration;
			buildSettings = {
				ASSETCATALOG_COMPILER_APPICON_NAME = AppIcon;
				ASSETCATALOG_COMPILER_GLOBAL_ACCENT_COLOR_NAME = AccentColor;
				CODE_SIGN_IDENTITY = "Apple Development";
				CODE_SIGN_STYLE = Automatic;
				CURRENT_PROJECT_VERSION = 1;
				DEVELOPMENT_TEAM = UZJUVD46BF;
				GENERATE_INFOPLIST_FILE = YES;
				INFOPLIST_FILE = MovieDB/Info.plist;
				INFOPLIST_KEY_UIApplicationSupportsIndirectInputEvents = YES;
				INFOPLIST_KEY_UILaunchStoryboardName = LaunchScreen;
				INFOPLIST_KEY_UIMainStoryboardFile = Main;
				INFOPLIST_KEY_UISupportedInterfaceOrientations_iPad = "UIInterfaceOrientationPortrait UIInterfaceOrientationPortraitUpsideDown UIInterfaceOrientationLandscapeLeft UIInterfaceOrientationLandscapeRight";
				INFOPLIST_KEY_UISupportedInterfaceOrientations_iPhone = "UIInterfaceOrientationPortrait UIInterfaceOrientationLandscapeLeft UIInterfaceOrientationLandscapeRight";
				LD_RUNPATH_SEARCH_PATHS = (
					"$(inherited)",
					"@executable_path/Frameworks",
				);
				MARKETING_VERSION = 1.0;
				PRODUCT_BUNDLE_IDENTIFIER = io.mowi.MovieDB;
				PRODUCT_NAME = "$(TARGET_NAME)";
				PROVISIONING_PROFILE_SPECIFIER = "";
				SWIFT_EMIT_LOC_STRINGS = YES;
				SWIFT_VERSION = 5.0;
				TARGETED_DEVICE_FAMILY = "1,2";
			};
			name = Debug;
		};
		EDB5C96329C0EF1700EC3B77 /* Release */ = {
			isa = XCBuildConfiguration;
			buildSettings = {
				ASSETCATALOG_COMPILER_APPICON_NAME = AppIcon;
				ASSETCATALOG_COMPILER_GLOBAL_ACCENT_COLOR_NAME = AccentColor;
				CODE_SIGN_IDENTITY = "Apple Development";
				CODE_SIGN_STYLE = Automatic;
				CURRENT_PROJECT_VERSION = 1;
				DEVELOPMENT_TEAM = UZJUVD46BF;
				GENERATE_INFOPLIST_FILE = YES;
				INFOPLIST_FILE = MovieDB/Info.plist;
				INFOPLIST_KEY_UIApplicationSupportsIndirectInputEvents = YES;
				INFOPLIST_KEY_UILaunchStoryboardName = LaunchScreen;
				INFOPLIST_KEY_UIMainStoryboardFile = Main;
				INFOPLIST_KEY_UISupportedInterfaceOrientations_iPad = "UIInterfaceOrientationPortrait UIInterfaceOrientationPortraitUpsideDown UIInterfaceOrientationLandscapeLeft UIInterfaceOrientationLandscapeRight";
				INFOPLIST_KEY_UISupportedInterfaceOrientations_iPhone = "UIInterfaceOrientationPortrait UIInterfaceOrientationLandscapeLeft UIInterfaceOrientationLandscapeRight";
				LD_RUNPATH_SEARCH_PATHS = (
					"$(inherited)",
					"@executable_path/Frameworks",
				);
				MARKETING_VERSION = 1.0;
				PRODUCT_BUNDLE_IDENTIFIER = io.mowi.MovieDB;
				PRODUCT_NAME = "$(TARGET_NAME)";
				PROVISIONING_PROFILE_SPECIFIER = "";
				SWIFT_EMIT_LOC_STRINGS = YES;
				SWIFT_VERSION = 5.0;
				TARGETED_DEVICE_FAMILY = "1,2";
			};
			name = Release;
		};
/* End XCBuildConfiguration section */

/* Begin XCConfigurationList section */
		EDB5C94829C0EF1300EC3B77 /* Build configuration list for PBXProject "MovieDB" */ = {
			isa = XCConfigurationList;
			buildConfigurations = (
				EDB5C95F29C0EF1700EC3B77 /* Debug */,
				EDB5C96029C0EF1700EC3B77 /* Release */,
			);
			defaultConfigurationIsVisible = 0;
			defaultConfigurationName = Debug;
		};
		EDB5C96129C0EF1700EC3B77 /* Build configuration list for PBXNativeTarget "MovieDB" */ = {
			isa = XCConfigurationList;
			buildConfigurations = (
				EDB5C96229C0EF1700EC3B77 /* Debug */,
				EDB5C96329C0EF1700EC3B77 /* Release */,
			);
			defaultConfigurationIsVisible = 0;
			defaultConfigurationName = Debug;
		};
/* End XCConfigurationList section */
	};
	rootObject = EDB5C94529C0EF1300EC3B77 /* Project object */;
}
